
Microsoft Visual Studio Solution File, Format Version 12.00
# Visual Studio Version 16
VisualStudioVersion = 16.0.31129.286
MinimumVisualStudioVersion = 10.0.40219.1
Project("{9A19103F-16F7-4668-BE54-9A1E7A4F7556}") = "Restful", "Restful\Restful.csproj", "{A531A007-14EF-4D3B-8456-779661633D07}"
EndProject
Project("{9A19103F-16F7-4668-BE54-9A1E7A4F7556}") = "Common", "Common\Common.csproj", "{27DBC33F-8A4C-4B38-B730-BB8CE1AF1379}"
EndProject
Project("{9A19103F-16F7-4668-BE54-9A1E7A4F7556}") = "FrameworkSetting", "FrameworkSetting\FrameworkSetting.csproj", "{FB0B9FCA-A848-4A7B-ACC9-8BB86003A2E3}"
EndProject
Project("{2150E333-8FDC-42A3-9474-1A3956D46DE8}") = "Modules", "Modules", "{E67F745D-E125-4CBC-AAD1-0E85FFFBA996}"
EndProject
Project("{9A19103F-16F7-4668-BE54-9A1E7A4F7556}") = "EmployeeFactory", "EmployeeFactory\EmployeeFactory.csproj", "{826E151D-15AC-46C4-BC8F-2FE5F57F2609}"
EndProject
Project("{9A19103F-16F7-4668-BE54-9A1E7A4F7556}") = "Library", "Library\Library.csproj", "{0C86E22A-D96A-4BF4-8CE5-F9CACED5E9D1}"
EndProject
Project("{FAE04EC0-301F-11D3-BF4B-00C04F79EFBC}") = "GenerationFactory", "GenerationFactory\GenerationFactory.csproj", "{AE5531AF-75EF-4E38-AC42-876A176A9B86}"
EndProject
Global
	GlobalSection(SolutionConfigurationPlatforms) = preSolution
		Debug|Any CPU = Debug|Any CPU
		Release|Any CPU = Release|Any CPU
	EndGlobalSection
	GlobalSection(ProjectConfigurationPlatforms) = postSolution
		{A531A007-14EF-4D3B-8456-779661633D07}.Debug|Any CPU.ActiveCfg = Debug|Any CPU
		{A531A007-14EF-4D3B-8456-779661633D07}.Debug|Any CPU.Build.0 = Debug|Any CPU
		{A531A007-14EF-4D3B-8456-779661633D07}.Release|Any CPU.ActiveCfg = Release|Any CPU
		{A531A007-14EF-4D3B-8456-779661633D07}.Release|Any CPU.Build.0 = Release|Any CPU
		{27DBC33F-8A4C-4B38-B730-BB8CE1AF1379}.Debug|Any CPU.ActiveCfg = Debug|Any CPU
		{27DBC33F-8A4C-4B38-B730-BB8CE1AF1379}.Debug|Any CPU.Build.0 = Debug|Any CPU
		{27DBC33F-8A4C-4B38-B730-BB8CE1AF1379}.Release|Any CPU.ActiveCfg = Release|Any CPU
		{27DBC33F-8A4C-4B38-B730-BB8CE1AF1379}.Release|Any CPU.Build.0 = Release|Any CPU
		{FB0B9FCA-A848-4A7B-ACC9-8BB86003A2E3}.Debug|Any CPU.ActiveCfg = Debug|Any CPU
		{FB0B9FCA-A848-4A7B-ACC9-8BB86003A2E3}.Debug|Any CPU.Build.0 = Debug|Any CPU
		{FB0B9FCA-A848-4A7B-ACC9-8BB86003A2E3}.Release|Any CPU.ActiveCfg = Release|Any CPU
		{FB0B9FCA-A848-4A7B-ACC9-8BB86003A2E3}.Release|Any CPU.Build.0 = Release|Any CPU
		{826E151D-15AC-46C4-BC8F-2FE5F57F2609}.Debug|Any CPU.ActiveCfg = Debug|Any CPU
		{826E151D-15AC-46C4-BC8F-2FE5F57F2609}.Debug|Any CPU.Build.0 = Debug|Any CPU
		{826E151D-15AC-46C4-BC8F-2FE5F57F2609}.Release|Any CPU.ActiveCfg = Release|Any CPU
		{826E151D-15AC-46C4-BC8F-2FE5F57F2609}.Release|Any CPU.Build.0 = Release|Any CPU
		{0C86E22A-D96A-4BF4-8CE5-F9CACED5E9D1}.Debug|Any CPU.ActiveCfg = Debug|Any CPU
		{0C86E22A-D96A-4BF4-8CE5-F9CACED5E9D1}.Debug|Any CPU.Build.0 = Debug|Any CPU
		{0C86E22A-D96A-4BF4-8CE5-F9CACED5E9D1}.Release|Any CPU.ActiveCfg = Release|Any CPU
		{0C86E22A-D96A-4BF4-8CE5-F9CACED5E9D1}.Release|Any CPU.Build.0 = Release|Any CPU
		{AE5531AF-75EF-4E38-AC42-876A176A9B86}.Debug|Any CPU.ActiveCfg = Debug|Any CPU
		{AE5531AF-75EF-4E38-AC42-876A176A9B86}.Debug|Any CPU.Build.0 = Debug|Any CPU
		{AE5531AF-75EF-4E38-AC42-876A176A9B86}.Release|Any CPU.ActiveCfg = Release|Any CPU
		{AE5531AF-75EF-4E38-AC42-876A176A9B86}.Release|Any CPU.Build.0 = Release|Any CPU
	EndGlobalSection
	GlobalSection(SolutionProperties) = preSolution
		HideSolutionNode = FALSE
	EndGlobalSection
	GlobalSection(NestedProjects) = preSolution
		{826E151D-15AC-46C4-BC8F-2FE5F57F2609} = {E67F745D-E125-4CBC-AAD1-0E85FFFBA996}
		{AE5531AF-75EF-4E38-AC42-876A176A9B86} = {E67F745D-E125-4CBC-AAD1-0E85FFFBA996}
	EndGlobalSection
	GlobalSection(ExtensibilityGlobals) = postSolution
		SolutionGuid = {FF7DFDEA-89C4-43F3-AEB9-EE32BDB90BF9}
	EndGlobalSection
EndGlobal
